{
  "pins" : [
    {
      "identity" : "pathkit",
      "kind" : "remoteSourceControl",
      "location" : "https://github.com/kylef/PathKit.git",
      "state" : {
        "revision" : "e2f5be30e4c8f531c9c1e8765aa7b71c0a45d7a0",
        "version" : "0.9.2"
      }
    },
    {
      "identity" : "spectre",
      "kind" : "remoteSourceControl",
      "location" : "https://github.com/kylef/Spectre.git",
      "state" : {
        "revision" : "f14ff47f45642aa5703900980b014c2e9394b6e5",
        "version" : "0.9.0"
      }
    },
    {
      "identity" : "stencil",
      "kind" : "remoteSourceControl",
      "location" : "https://github.com/stencilproject/Stencil.git",
      "state" : {
        "revision" : "0e9a78d6584e3812cd9c09494d5c7b483e8f533c",
        "version" : "0.13.1"
      }
    },
    {
      "identity" : "swift-argument-parser",
      "kind" : "remoteSourceControl",
      "location" : "https://github.com/apple/swift-argument-parser",
      "state" : {
        "revision" : "92646c0cdbaca076c8d3d0207891785b3379cbff",
        "version" : "0.3.1"
      }
    }
  ],
  "version" : 2
}
