// !$*UTF8*$!
{
	archiveVersion = 1;
	classes = {
	};
	objectVersion = 52;
	objects = {

/* Begin PBXBuildFile section */
		4C015D5A28202AFC00FEF4C5 /* XCColorSet.swift in Sources */ = {isa = PBXBuildFile; fileRef = 4C015D5928202AFC00FEF4C5 /* XCColorSet.swift */; };
		4C052AF525964FD300BB0359 /* FigmaAssetsFetch.swift in Sources */ = {isa = PBXBuildFile; fileRef = 4C052AF425964FD300BB0359 /* FigmaAssetsFetch.swift */; };
		4C052AF8259659AF00BB0359 /* ColorsCode.swift in Sources */ = {isa = PBXBuildFile; fileRef = 4C052AF7259659AF00BB0359 /* ColorsCode.swift */; };
		4C052AFB25965E7400BB0359 /* Options.swift in Sources */ = {isa = PBXBuildFile; fileRef = 4C052AFA25965E7400BB0359 /* Options.swift */; };
		4C598F9524616E67001234F4 /* FigmaAPI.swift in Sources */ = {isa = PBXBuildFile; fileRef = 4C598F9424616E67001234F4 /* FigmaAPI.swift */; };
		4C598F9724617A30001234F4 /* FigmaPaletteParser.swift in Sources */ = {isa = PBXBuildFile; fileRef = 4C598F9624617A30001234F4 /* FigmaPaletteParser.swift */; };
		4C598F9A246188E3001234F4 /* StringExtensions.swift in Sources */ = {isa = PBXBuildFile; fileRef = 4C598F99246188E3001234F4 /* StringExtensions.swift */; };
		4C598F9D2461A053001234F4 /* Stencil in Frameworks */ = {isa = PBXBuildFile; productRef = 4C598F9C2461A053001234F4 /* Stencil */; };
		4C5A28D1246080E600336DC1 /* FigmaTypes.swift in Sources */ = {isa = PBXBuildFile; fileRef = 4C5A28D0246080E600336DC1 /* FigmaTypes.swift */; };
		4C5A28DA2460A8B500336DC1 /* ColorData.swift in Sources */ = {isa = PBXBuildFile; fileRef = 4C5A28D92460A8B500336DC1 /* ColorData.swift */; };
		4CA756A7259612FC00776366 /* ArgumentParser in Frameworks */ = {isa = PBXBuildFile; productRef = 4CA756A6259612FC00776366 /* ArgumentParser */; };
		4CB3588C28214B26008D43F9 /* XCColorAssets.swift in Sources */ = {isa = PBXBuildFile; fileRef = 4CB3588B28214B26008D43F9 /* XCColorAssets.swift */; };
		4CCA373A245DB4B9001A627C /* main.swift in Sources */ = {isa = PBXBuildFile; fileRef = 4CCA3739245DB4B9001A627C /* main.swift */; };
		4CD1E3F3282923C600C027C2 /* XCAssetsBuilder.swift in Sources */ = {isa = PBXBuildFile; fileRef = 4CD1E3F2282923C600C027C2 /* XCAssetsBuilder.swift */; };
/* End PBXBuildFile section */

/* Begin PBXCopyFilesBuildPhase section */
		4CCA3734245DB4B9001A627C /* CopyFiles */ = {
			isa = PBXCopyFilesBuildPhase;
			buildActionMask = 2147483647;
			dstPath = /usr/share/man/man1/;
			dstSubfolderSpec = 0;
			files = (
			);
			runOnlyForDeploymentPostprocessing = 1;
		};
/* End PBXCopyFilesBuildPhase section */

/* Begin PBXFileReference section */
		4C015D5928202AFC00FEF4C5 /* XCColorSet.swift */ = {isa = PBXFileReference; lastKnownFileType = sourcecode.swift; path = XCColorSet.swift; sourceTree = "<group>"; };
		4C052AF425964FD300BB0359 /* FigmaAssetsFetch.swift */ = {isa = PBXFileReference; lastKnownFileType = sourcecode.swift; path = FigmaAssetsFetch.swift; sourceTree = "<group>"; };
		4C052AF7259659AF00BB0359 /* ColorsCode.swift */ = {isa = PBXFileReference; lastKnownFileType = sourcecode.swift; path = ColorsCode.swift; sourceTree = "<group>"; };
		4C052AFA25965E7400BB0359 /* Options.swift */ = {isa = PBXFileReference; lastKnownFileType = sourcecode.swift; path = Options.swift; sourceTree = "<group>"; };
		4C39012A259A72BD0023AD64 /* Colors.swift.stencil */ = {isa = PBXFileReference; lastKnownFileType = text; path = Colors.swift.stencil; sourceTree = "<group>"; };
		4C598F9424616E67001234F4 /* FigmaAPI.swift */ = {isa = PBXFileReference; lastKnownFileType = sourcecode.swift; path = FigmaAPI.swift; sourceTree = "<group>"; };
		4C598F9624617A30001234F4 /* FigmaPaletteParser.swift */ = {isa = PBXFileReference; lastKnownFileType = sourcecode.swift; path = FigmaPaletteParser.swift; sourceTree = "<group>"; };
		4C598F99246188E3001234F4 /* StringExtensions.swift */ = {isa = PBXFileReference; lastKnownFileType = sourcecode.swift; path = StringExtensions.swift; sourceTree = "<group>"; };
		4C5A28D0246080E600336DC1 /* FigmaTypes.swift */ = {isa = PBXFileReference; fileEncoding = 4; lastKnownFileType = sourcecode.swift; path = FigmaTypes.swift; sourceTree = "<group>"; };
		4C5A28D92460A8B500336DC1 /* ColorData.swift */ = {isa = PBXFileReference; lastKnownFileType = sourcecode.swift; path = ColorData.swift; sourceTree = "<group>"; };
		4CB3588B28214B26008D43F9 /* XCColorAssets.swift */ = {isa = PBXFileReference; lastKnownFileType = sourcecode.swift; path = XCColorAssets.swift; sourceTree = "<group>"; };
		4CCA3736245DB4B9001A627C /* FigmaAssetsFetch */ = {isa = PBXFileReference; explicitFileType = "compiled.mach-o.executable"; includeInIndex = 0; path = FigmaAssetsFetch; sourceTree = BUILT_PRODUCTS_DIR; };
		4CCA3739245DB4B9001A627C /* main.swift */ = {isa = PBXFileReference; lastKnownFileType = sourcecode.swift; path = main.swift; sourceTree = "<group>"; };
		4CD1E3F2282923C600C027C2 /* XCAssetsBuilder.swift */ = {isa = PBXFileReference; lastKnownFileType = sourcecode.swift; path = XCAssetsBuilder.swift; sourceTree = "<group>"; };
/* End PBXFileReference section */

/* Begin PBXFrameworksBuildPhase section */
		4CCA3733245DB4B9001A627C /* Frameworks */ = {
			isa = PBXFrameworksBuildPhase;
			buildActionMask = 2147483647;
			files = (
				4CA756A7259612FC00776366 /* ArgumentParser in Frameworks */,
				4C598F9D2461A053001234F4 /* Stencil in Frameworks */,
			);
			runOnlyForDeploymentPostprocessing = 0;
		};
/* End PBXFrameworksBuildPhase section */

/* Begin PBXGroup section */
		4C052AF225964B9B00BB0359 /* Application */ = {
			isa = PBXGroup;
			children = (
				4C052AF325964EA000BB0359 /* CommandLineArguments */,
				4CCA3739245DB4B9001A627C /* main.swift */,
			);
			path = Application;
			sourceTree = "<group>";
		};
		4C052AF325964EA000BB0359 /* CommandLineArguments */ = {
			isa = PBXGroup;
			children = (
				4C052AF425964FD300BB0359 /* FigmaAssetsFetch.swift */,
				4C052AF7259659AF00BB0359 /* ColorsCode.swift */,
				4C052AFA25965E7400BB0359 /* Options.swift */,
				4CB3588B28214B26008D43F9 /* XCColorAssets.swift */,
			);
			path = CommandLineArguments;
			sourceTree = "<group>";
		};
		4C598F9324616CEC001234F4 /* Services */ = {
			isa = PBXGroup;
			children = (
				4C598F9424616E67001234F4 /* FigmaAPI.swift */,
				4C598F9624617A30001234F4 /* FigmaPaletteParser.swift */,
				4CD1E3F2282923C600C027C2 /* XCAssetsBuilder.swift */,
			);
			path = Services;
			sourceTree = "<group>";
		};
		4C598F98246188BF001234F4 /* Helpers */ = {
			isa = PBXGroup;
			children = (
				4C598F99246188E3001234F4 /* StringExtensions.swift */,
			);
			path = Helpers;
			sourceTree = "<group>";
		};
		4C598F9E2461A307001234F4 /* Templates */ = {
			isa = PBXGroup;
			children = (
				4C39012A259A72BD0023AD64 /* Colors.swift.stencil */,
			);
			path = Templates;
			sourceTree = "<group>";
		};
		4CCA372D245DB4B9001A627C = {
			isa = PBXGroup;
			children = (
				4CCA3738245DB4B9001A627C /* FigmaAssetsFetch */,
				4CCA3737245DB4B9001A627C /* Products */,
			);
			sourceTree = "<group>";
		};
		4CCA3737245DB4B9001A627C /* Products */ = {
			isa = PBXGroup;
			children = (
				4CCA3736245DB4B9001A627C /* FigmaAssetsFetch */,
			);
			name = Products;
			sourceTree = "<group>";
		};
		4CCA3738245DB4B9001A627C /* FigmaAssetsFetch */ = {
			isa = PBXGroup;
			children = (
				4C052AF225964B9B00BB0359 /* Application */,
				4C598F9E2461A307001234F4 /* Templates */,
				4C598F98246188BF001234F4 /* Helpers */,
				4C598F9324616CEC001234F4 /* Services */,
				4CCA3742245DED07001A627C /* Models */,
			);
			path = FigmaAssetsFetch;
			sourceTree = "<group>";
		};
		4CCA3742245DED07001A627C /* Models */ = {
			isa = PBXGroup;
			children = (
				4C5A28D0246080E600336DC1 /* FigmaTypes.swift */,
				4C5A28D92460A8B500336DC1 /* ColorData.swift */,
				4C015D5928202AFC00FEF4C5 /* XCColorSet.swift */,
			);
			path = Models;
			sourceTree = "<group>";
		};
/* End PBXGroup section */

/* Begin PBXNativeTarget section */
		4CCA3735245DB4B9001A627C /* FigmaAssetsFetch */ = {
			isa = PBXNativeTarget;
			buildConfigurationList = 4CCA373D245DB4B9001A627C /* Build configuration list for PBXNativeTarget "FigmaAssetsFetch" */;
			buildPhases = (
				4CCA3732245DB4B9001A627C /* Sources */,
				4CCA3733245DB4B9001A627C /* Frameworks */,
				4CCA3734245DB4B9001A627C /* CopyFiles */,
			);
			buildRules = (
			);
			dependencies = (
			);
			name = FigmaAssetsFetch;
			packageProductDependencies = (
				4C598F9C2461A053001234F4 /* Stencil */,
				4CA756A6259612FC00776366 /* ArgumentParser */,
			);
			productName = FigmaAssetsFetch;
			productReference = 4CCA3736245DB4B9001A627C /* FigmaAssetsFetch */;
			productType = "com.apple.product-type.tool";
		};
/* End PBXNativeTarget section */

/* Begin PBXProject section */
		4CCA372E245DB4B9001A627C /* Project object */ = {
			isa = PBXProject;
			attributes = {
				LastSwiftUpdateCheck = 1140;
				LastUpgradeCheck = 1220;
				ORGANIZATIONNAME = "Michael Ovchinnikov";
				TargetAttributes = {
					4CCA3735245DB4B9001A627C = {
						CreatedOnToolsVersion = 11.4.1;
					};
				};
			};
			buildConfigurationList = 4CCA3731245DB4B9001A627C /* Build configuration list for PBXProject "FigmaAssetsFetch" */;
			compatibilityVersion = "Xcode 9.3";
			developmentRegion = en;
			hasScannedForEncodings = 0;
			knownRegions = (
				en,
				Base,
			);
			mainGroup = 4CCA372D245DB4B9001A627C;
			packageReferences = (
				4C598F9B2461A053001234F4 /* XCRemoteSwiftPackageReference "Stencil" */,
				4CA756A5259612FC00776366 /* XCRemoteSwiftPackageReference "swift-argument-parser" */,
			);
			productRefGroup = 4CCA3737245DB4B9001A627C /* Products */;
			projectDirPath = "";
			projectRoot = "";
			targets = (
				4CCA3735245DB4B9001A627C /* FigmaAssetsFetch */,
			);
		};
/* End PBXProject section */

/* Begin PBXSourcesBuildPhase section */
		4CCA3732245DB4B9001A627C /* Sources */ = {
			isa = PBXSourcesBuildPhase;
			buildActionMask = 2147483647;
			files = (
				4C598F9A246188E3001234F4 /* StringExtensions.swift in Sources */,
				4CD1E3F3282923C600C027C2 /* XCAssetsBuilder.swift in Sources */,
				4C015D5A28202AFC00FEF4C5 /* XCColorSet.swift in Sources */,
				4C052AF525964FD300BB0359 /* FigmaAssetsFetch.swift in Sources */,
				4C5A28D1246080E600336DC1 /* FigmaTypes.swift in Sources */,
				4CCA373A245DB4B9001A627C /* main.swift in Sources */,
				4C052AFB25965E7400BB0359 /* Options.swift in Sources */,
				4C052AF8259659AF00BB0359 /* ColorsCode.swift in Sources */,
				4C5A28DA2460A8B500336DC1 /* ColorData.swift in Sources */,
				4C598F9524616E67001234F4 /* FigmaAPI.swift in Sources */,
				4C598F9724617A30001234F4 /* FigmaPaletteParser.swift in Sources */,
				4CB3588C28214B26008D43F9 /* XCColorAssets.swift in Sources */,
			);
			runOnlyForDeploymentPostprocessing = 0;
		};
/* End PBXSourcesBuildPhase section */

/* Begin XCBuildConfiguration section */
		4CCA373B245DB4B9001A627C /* Debug */ = {
			isa = XCBuildConfiguration;
			buildSettings = {
				ALWAYS_SEARCH_USER_PATHS = NO;
				CLANG_ANALYZER_NONNULL = YES;
				CLANG_ANALYZER_NUMBER_OBJECT_CONVERSION = YES_AGGRESSIVE;
				CLANG_CXX_LANGUAGE_STANDARD = "gnu++14";
				CLANG_CXX_LIBRARY = "libc++";
				CLANG_ENABLE_MODULES = YES;
				CLANG_ENABLE_OBJC_ARC = YES;
				CLANG_ENABLE_OBJC_WEAK = YES;
				CLANG_WARN_BLOCK_CAPTURE_AUTORELEASING = YES;
				CLANG_WARN_BOOL_CONVERSION = YES;
				CLANG_WARN_COMMA = YES;
				CLANG_WARN_CONSTANT_CONVERSION = YES;
				CLANG_WARN_DEPRECATED_OBJC_IMPLEMENTATIONS = YES;
				CLANG_WARN_DIRECT_OBJC_ISA_USAGE = YES_ERROR;
				CLANG_WARN_DOCUMENTATION_COMMENTS = YES;
				CLANG_WARN_EMPTY_BODY = YES;
				CLANG_WARN_ENUM_CONVERSION = YES;
				CLANG_WARN_INFINITE_RECURSION = YES;
				CLANG_WARN_INT_CONVERSION = YES;
				CLANG_WARN_NON_LITERAL_NULL_CONVERSION = YES;
				CLANG_WARN_OBJC_IMPLICIT_RETAIN_SELF = YES;
				CLANG_WARN_OBJC_LITERAL_CONVERSION = YES;
				CLANG_WARN_OBJC_ROOT_CLASS = YES_ERROR;
				CLANG_WARN_QUOTED_INCLUDE_IN_FRAMEWORK_HEADER = YES;
				CLANG_WARN_RANGE_LOOP_ANALYSIS = YES;
				CLANG_WARN_STRICT_PROTOTYPES = YES;
				CLANG_WARN_SUSPICIOUS_MOVE = YES;
				CLANG_WARN_UNGUARDED_AVAILABILITY = YES_AGGRESSIVE;
				CLANG_WARN_UNREACHABLE_CODE = YES;
				CLANG_WARN__DUPLICATE_METHOD_MATCH = YES;
				COPY_PHASE_STRIP = NO;
				DEBUG_INFORMATION_FORMAT = dwarf;
				ENABLE_STRICT_OBJC_MSGSEND = YES;
				ENABLE_TESTABILITY = YES;
				GCC_C_LANGUAGE_STANDARD = gnu11;
				GCC_DYNAMIC_NO_PIC = NO;
				GCC_NO_COMMON_BLOCKS = YES;
				GCC_OPTIMIZATION_LEVEL = 0;
				GCC_PREPROCESSOR_DEFINITIONS = (
					"DEBUG=1",
					"$(inherited)",
				);
				GCC_WARN_64_TO_32_BIT_CONVERSION = YES;
				GCC_WARN_ABOUT_RETURN_TYPE = YES_ERROR;
				GCC_WARN_UNDECLARED_SELECTOR = YES;
				GCC_WARN_UNINITIALIZED_AUTOS = YES_AGGRESSIVE;
				GCC_WARN_UNUSED_FUNCTION = YES;
				GCC_WARN_UNUSED_VARIABLE = YES;
				MACOSX_DEPLOYMENT_TARGET = 10.15;
				MTL_ENABLE_DEBUG_INFO = INCLUDE_SOURCE;
				MTL_FAST_MATH = YES;
				ONLY_ACTIVE_ARCH = YES;
				SDKROOT = macosx;
				SWIFT_ACTIVE_COMPILATION_CONDITIONS = DEBUG;
				SWIFT_OPTIMIZATION_LEVEL = "-Onone";
			};
			name = Debug;
		};
		4CCA373C245DB4B9001A627C /* Release */ = {
			isa = XCBuildConfiguration;
			buildSettings = {
				ALWAYS_SEARCH_USER_PATHS = NO;
				CLANG_ANALYZER_NONNULL = YES;
				CLANG_ANALYZER_NUMBER_OBJECT_CONVERSION = YES_AGGRESSIVE;
				CLANG_CXX_LANGUAGE_STANDARD = "gnu++14";
				CLANG_CXX_LIBRARY = "libc++";
				CLANG_ENABLE_MODULES = YES;
				CLANG_ENABLE_OBJC_ARC = YES;
				CLANG_ENABLE_OBJC_WEAK = YES;
				CLANG_WARN_BLOCK_CAPTURE_AUTORELEASING = YES;
				CLANG_WARN_BOOL_CONVERSION = YES;
				CLANG_WARN_COMMA = YES;
				CLANG_WARN_CONSTANT_CONVERSION = YES;
				CLANG_WARN_DEPRECATED_OBJC_IMPLEMENTATIONS = YES;
				CLANG_WARN_DIRECT_OBJC_ISA_USAGE = YES_ERROR;
				CLANG_WARN_DOCUMENTATION_COMMENTS = YES;
				CLANG_WARN_EMPTY_BODY = YES;
				CLANG_WARN_ENUM_CONVERSION = YES;
				CLANG_WARN_INFINITE_RECURSION = YES;
				CLANG_WARN_INT_CONVERSION = YES;
				CLANG_WARN_NON_LITERAL_NULL_CONVERSION = YES;
				CLANG_WARN_OBJC_IMPLICIT_RETAIN_SELF = YES;
				CLANG_WARN_OBJC_LITERAL_CONVERSION = YES;
				CLANG_WARN_OBJC_ROOT_CLASS = YES_ERROR;
				CLANG_WARN_QUOTED_INCLUDE_IN_FRAMEWORK_HEADER = YES;
				CLANG_WARN_RANGE_LOOP_ANALYSIS = YES;
				CLANG_WARN_STRICT_PROTOTYPES = YES;
				CLANG_WARN_SUSPICIOUS_MOVE = YES;
				CLANG_WARN_UNGUARDED_AVAILABILITY = YES_AGGRESSIVE;
				CLANG_WARN_UNREACHABLE_CODE = YES;
				CLANG_WARN__DUPLICATE_METHOD_MATCH = YES;
				COPY_PHASE_STRIP = NO;
				DEBUG_INFORMATION_FORMAT = "dwarf-with-dsym";
				ENABLE_NS_ASSERTIONS = NO;
				ENABLE_STRICT_OBJC_MSGSEND = YES;
				GCC_C_LANGUAGE_STANDARD = gnu11;
				GCC_NO_COMMON_BLOCKS = YES;
				GCC_WARN_64_TO_32_BIT_CONVERSION = YES;
				GCC_WARN_ABOUT_RETURN_TYPE = YES_ERROR;
				GCC_WARN_UNDECLARED_SELECTOR = YES;
				GCC_WARN_UNINITIALIZED_AUTOS = YES_AGGRESSIVE;
				GCC_WARN_UNUSED_FUNCTION = YES;
				GCC_WARN_UNUSED_VARIABLE = YES;
				MACOSX_DEPLOYMENT_TARGET = 10.15;
				MTL_ENABLE_DEBUG_INFO = NO;
				MTL_FAST_MATH = YES;
				SDKROOT = macosx;
				SWIFT_COMPILATION_MODE = wholemodule;
				SWIFT_OPTIMIZATION_LEVEL = "-O";
			};
			name = Release;
		};
		4CCA373E245DB4B9001A627C /* Debug */ = {
			isa = XCBuildConfiguration;
			buildSettings = {
				CODE_SIGN_IDENTITY = "-";
				CODE_SIGN_STYLE = Automatic;
				DEVELOPMENT_TEAM = S88YFAW48T;
				ENABLE_HARDENED_RUNTIME = YES;
				PRODUCT_NAME = "$(TARGET_NAME)";
				SWIFT_VERSION = 5.0;
			};
			name = Debug;
		};
		4CCA373F245DB4B9001A627C /* Release */ = {
			isa = XCBuildConfiguration;
			buildSettings = {
				CODE_SIGN_IDENTITY = "-";
				CODE_SIGN_STYLE = Automatic;
				DEVELOPMENT_TEAM = S88YFAW48T;
				ENABLE_HARDENED_RUNTIME = YES;
				PRODUCT_NAME = "$(TARGET_NAME)";
				SWIFT_VERSION = 5.0;
			};
			name = Release;
		};
/* End XCBuildConfiguration section */

/* Begin XCConfigurationList section */
		4CCA3731245DB4B9001A627C /* Build configuration list for PBXProject "FigmaAssetsFetch" */ = {
			isa = XCConfigurationList;
			buildConfigurations = (
				4CCA373B245DB4B9001A627C /* Debug */,
				4CCA373C245DB4B9001A627C /* Release */,
			);
			defaultConfigurationIsVisible = 0;
			defaultConfigurationName = Release;
		};
		4CCA373D245DB4B9001A627C /* Build configuration list for PBXNativeTarget "FigmaAssetsFetch" */ = {
			isa = XCConfigurationList;
			buildConfigurations = (
				4CCA373E245DB4B9001A627C /* Debug */,
				4CCA373F245DB4B9001A627C /* Release */,
			);
			defaultConfigurationIsVisible = 0;
			defaultConfigurationName = Release;
		};
/* End XCConfigurationList section */

/* Begin XCRemoteSwiftPackageReference section */
		4C598F9B2461A053001234F4 /* XCRemoteSwiftPackageReference "Stencil" */ = {
			isa = XCRemoteSwiftPackageReference;
			repositoryURL = "https://github.com/stencilproject/Stencil.git";
			requirement = {
				kind = upToNextMajorVersion;
				minimumVersion = 0.13.1;
			};
		};
		4CA756A5259612FC00776366 /* XCRemoteSwiftPackageReference "swift-argument-parser" */ = {
			isa = XCRemoteSwiftPackageReference;
			repositoryURL = "https://github.com/apple/swift-argument-parser";
			requirement = {
				kind = upToNextMajorVersion;
				minimumVersion = 0.3.1;
			};
		};
/* End XCRemoteSwiftPackageReference section */

/* Begin XCSwiftPackageProductDependency section */
		4C598F9C2461A053001234F4 /* Stencil */ = {
			isa = XCSwiftPackageProductDependency;
			package = 4C598F9B2461A053001234F4 /* XCRemoteSwiftPackageReference "Stencil" */;
			productName = Stencil;
		};
		4CA756A6259612FC00776366 /* ArgumentParser */ = {
			isa = XCSwiftPackageProductDependency;
			package = 4CA756A5259612FC00776366 /* XCRemoteSwiftPackageReference "swift-argument-parser" */;
			productName = ArgumentParser;
		};
/* End XCSwiftPackageProductDependency section */
	};
	rootObject = 4CCA372E245DB4B9001A627C /* Project object */;
}
